
Microsoft Visual Studio Solution File, Format Version 12.00
# Visual Studio Version 17
VisualStudioVersion = 17.12.35527.113
MinimumVisualStudioVersion = 10.0.40219.1
Project("{FAE04EC0-301F-11D3-BF4B-00C04F79EFBC}") = "Essencial.Task1.2", "Essencial.Task1.2\Essencial.Task1.2.csproj", "{B930777B-5E56-460B-A31F-E22F5E0EDFB1}"
EndProject
Project("{FAE04EC0-301F-11D3-BF4B-00C04F79EFBC}") = "Task1.3", "Task1.3\Task1.3.csproj", "{B20B3EAB-78FE-4F98-810F-90F422443C7B}"
EndProject
Project("{FAE04EC0-301F-11D3-BF4B-00C04F79EFBC}") = "Task1.4", "Task1.4\Task1.4.csproj", "{984E2737-E190-47EC-B078-953191F39F00}"
EndProject
Project("{FAE04EC0-301F-11D3-BF4B-00C04F79EFBC}") = "Task3.2", "Task3.1\Task3.2.csproj", "{D520FAD6-1A40-4BD4-9341-5C8AF14CBD0C}"
EndProject
Project("{FAE04EC0-301F-11D3-BF4B-00C04F79EFBC}") = "Task3.3", "Task3.3\Task3.3.csproj", "{CBF06D17-3258-49F7-B470-3729F470D2E2}"
EndProject
Project("{FAE04EC0-301F-11D3-BF4B-00C04F79EFBC}") = "Task3.4", "Task3.4\Task3.4.csproj", "{BCC26CD8-786F-4862-8E09-E3F12B188D00}"
EndProject
Project("{FAE04EC0-301F-11D3-BF4B-00C04F79EFBC}") = "Task4.2", "Task4.2\Task4.2.csproj", "{7C9B9E0B-F29F-4162-9B33-F4703069CAF5}"
EndProject
Global
	GlobalSection(SolutionConfigurationPlatforms) = preSolution
		Debug|Any CPU = Debug|Any CPU
		Release|Any CPU = Release|Any CPU
	EndGlobalSection
	GlobalSection(ProjectConfigurationPlatforms) = postSolution
		{B930777B-5E56-460B-A31F-E22F5E0EDFB1}.Debug|Any CPU.ActiveCfg = Debug|Any CPU
		{B930777B-5E56-460B-A31F-E22F5E0EDFB1}.Debug|Any CPU.Build.0 = Debug|Any CPU
		{B930777B-5E56-460B-A31F-E22F5E0EDFB1}.Release|Any CPU.ActiveCfg = Release|Any CPU
		{B930777B-5E56-460B-A31F-E22F5E0EDFB1}.Release|Any CPU.Build.0 = Release|Any CPU
		{B20B3EAB-78FE-4F98-810F-90F422443C7B}.Debug|Any CPU.ActiveCfg = Debug|Any CPU
		{B20B3EAB-78FE-4F98-810F-90F422443C7B}.Debug|Any CPU.Build.0 = Debug|Any CPU
		{B20B3EAB-78FE-4F98-810F-90F422443C7B}.Release|Any CPU.ActiveCfg = Release|Any CPU
		{B20B3EAB-78FE-4F98-810F-90F422443C7B}.Release|Any CPU.Build.0 = Release|Any CPU
		{984E2737-E190-47EC-B078-953191F39F00}.Debug|Any CPU.ActiveCfg = Debug|Any CPU
		{984E2737-E190-47EC-B078-953191F39F00}.Debug|Any CPU.Build.0 = Debug|Any CPU
		{984E2737-E190-47EC-B078-953191F39F00}.Release|Any CPU.ActiveCfg = Release|Any CPU
		{984E2737-E190-47EC-B078-953191F39F00}.Release|Any CPU.Build.0 = Release|Any CPU
		{D520FAD6-1A40-4BD4-9341-5C8AF14CBD0C}.Debug|Any CPU.ActiveCfg = Debug|Any CPU
		{D520FAD6-1A40-4BD4-9341-5C8AF14CBD0C}.Debug|Any CPU.Build.0 = Debug|Any CPU
		{D520FAD6-1A40-4BD4-9341-5C8AF14CBD0C}.Release|Any CPU.ActiveCfg = Release|Any CPU
		{D520FAD6-1A40-4BD4-9341-5C8AF14CBD0C}.Release|Any CPU.Build.0 = Release|Any CPU
		{CBF06D17-3258-49F7-B470-3729F470D2E2}.Debug|Any CPU.ActiveCfg = Debug|Any CPU
		{CBF06D17-3258-49F7-B470-3729F470D2E2}.Debug|Any CPU.Build.0 = Debug|Any CPU
		{CBF06D17-3258-49F7-B470-3729F470D2E2}.Release|Any CPU.ActiveCfg = Release|Any CPU
		{CBF06D17-3258-49F7-B470-3729F470D2E2}.Release|Any CPU.Build.0 = Release|Any CPU
		{BCC26CD8-786F-4862-8E09-E3F12B188D00}.Debug|Any CPU.ActiveCfg = Debug|Any CPU
		{BCC26CD8-786F-4862-8E09-E3F12B188D00}.Debug|Any CPU.Build.0 = Debug|Any CPU
		{BCC26CD8-786F-4862-8E09-E3F12B188D00}.Release|Any CPU.ActiveCfg = Release|Any CPU
		{BCC26CD8-786F-4862-8E09-E3F12B188D00}.Release|Any CPU.Build.0 = Release|Any CPU
		{7C9B9E0B-F29F-4162-9B33-F4703069CAF5}.Debug|Any CPU.ActiveCfg = Debug|Any CPU
		{7C9B9E0B-F29F-4162-9B33-F4703069CAF5}.Debug|Any CPU.Build.0 = Debug|Any CPU
		{7C9B9E0B-F29F-4162-9B33-F4703069CAF5}.Release|Any CPU.ActiveCfg = Release|Any CPU
		{7C9B9E0B-F29F-4162-9B33-F4703069CAF5}.Release|Any CPU.Build.0 = Release|Any CPU
	EndGlobalSection
	GlobalSection(SolutionProperties) = preSolution
		HideSolutionNode = FALSE
	EndGlobalSection
EndGlobal
